// !$*UTF8*$!
{
	archiveVersion = 1;
	classes = {
	};
	objectVersion = 46;
	objects = {

/* Begin PBXBuildFile section */
		04445BC82130470900B6F983 /* AlertTransition.framework in Frameworks */ = {isa = PBXBuildFile; fileRef = 04445BC62130470900B6F983 /* AlertTransition.framework */; };
		04445BC92130470900B6F983 /* AssistiveTouch.framework in Frameworks */ = {isa = PBXBuildFile; fileRef = 04445BC72130470900B6F983 /* AssistiveTouch.framework */; };
		04CF620E1F0B54890068FB67 /* AppDelegate.swift in Sources */ = {isa = PBXBuildFile; fileRef = 04CF620D1F0B54890068FB67 /* AppDelegate.swift */; };
		04CF62101F0B54890068FB67 /* ViewController.swift in Sources */ = {isa = PBXBuildFile; fileRef = 04CF620F1F0B54890068FB67 /* ViewController.swift */; };
		04CF62131F0B54890068FB67 /* Main.storyboard in Resources */ = {isa = PBXBuildFile; fileRef = 04CF62111F0B54890068FB67 /* Main.storyboard */; };
		04CF62151F0B54890068FB67 /* Assets.xcassets in Resources */ = {isa = PBXBuildFile; fileRef = 04CF62141F0B54890068FB67 /* Assets.xcassets */; };
		04CF62181F0B54890068FB67 /* LaunchScreen.storyboard in Resources */ = {isa = PBXBuildFile; fileRef = 04CF62161F0B54890068FB67 /* LaunchScreen.storyboard */; };
/* End PBXBuildFile section */

/* Begin PBXCopyFilesBuildPhase section */
		048E7A2C1F0B567A00967DFD /* Embed Frameworks */ = {
			isa = PBXCopyFilesBuildPhase;
			buildActionMask = 2147483647;
			dstPath = "";
			dstSubfolderSpec = 10;
			files = (
			);
			name = "Embed Frameworks";
			runOnlyForDeploymentPostprocessing = 0;
		};
/* End PBXCopyFilesBuildPhase section */

/* Begin PBXFileReference section */
		04445BC62130470900B6F983 /* AlertTransition.framework */ = {isa = PBXFileReference; lastKnownFileType = wrapper.framework; name = AlertTransition.framework; path = Carthage/Build/iOS/AlertTransition.framework; sourceTree = "<group>"; };
		04445BC72130470900B6F983 /* AssistiveTouch.framework */ = {isa = PBXFileReference; lastKnownFileType = wrapper.framework; name = AssistiveTouch.framework; path = Carthage/Build/iOS/AssistiveTouch.framework; sourceTree = "<group>"; };
		04CF620A1F0B54890068FB67 /* iOS.app */ = {isa = PBXFileReference; explicitFileType = wrapper.application; includeInIndex = 0; path = iOS.app; sourceTree = BUILT_PRODUCTS_DIR; };
		04CF620D1F0B54890068FB67 /* AppDelegate.swift */ = {isa = PBXFileReference; lastKnownFileType = sourcecode.swift; path = AppDelegate.swift; sourceTree = "<group>"; };
		04CF620F1F0B54890068FB67 /* ViewController.swift */ = {isa = PBXFileReference; lastKnownFileType = sourcecode.swift; path = ViewController.swift; sourceTree = "<group>"; };
		04CF62121F0B54890068FB67 /* Base */ = {isa = PBXFileReference; lastKnownFileType = file.storyboard; name = Base; path = Base.lproj/Main.storyboard; sourceTree = "<group>"; };
		04CF62141F0B54890068FB67 /* Assets.xcassets */ = {isa = PBXFileReference; lastKnownFileType = folder.assetcatalog; path = Assets.xcassets; sourceTree = "<group>"; };
		04CF62171F0B54890068FB67 /* Base */ = {isa = PBXFileReference; lastKnownFileType = file.storyboard; name = Base; path = Base.lproj/LaunchScreen.storyboard; sourceTree = "<group>"; };
		04CF62191F0B54890068FB67 /* Info.plist */ = {isa = PBXFileReference; lastKnownFileType = text.plist.xml; path = Info.plist; sourceTree = "<group>"; };
/* End PBXFileReference section */

/* Begin PBXFrameworksBuildPhase section */
		04CF62071F0B54890068FB67 /* Frameworks */ = {
			isa = PBXFrameworksBuildPhase;
			buildActionMask = 2147483647;
			files = (
				04445BC82130470900B6F983 /* AlertTransition.framework in Frameworks */,
				04445BC92130470900B6F983 /* AssistiveTouch.framework in Frameworks */,
			);
			runOnlyForDeploymentPostprocessing = 0;
		};
/* End PBXFrameworksBuildPhase section */

/* Begin PBXGroup section */
		04445BC32130468900B6F983 /* Frameworks */ = {
			isa = PBXGroup;
			children = (
				04445BC62130470900B6F983 /* AlertTransition.framework */,
				04445BC72130470900B6F983 /* AssistiveTouch.framework */,
			);
			name = Frameworks;
			sourceTree = "<group>";
		};
		048E7A2D1F0B57F000967DFD /* Supporting Files */ = {
			isa = PBXGroup;
			children = (
				04CF62111F0B54890068FB67 /* Main.storyboard */,
				04CF62141F0B54890068FB67 /* Assets.xcassets */,
				04CF62161F0B54890068FB67 /* LaunchScreen.storyboard */,
				04CF62191F0B54890068FB67 /* Info.plist */,
			);
			name = "Supporting Files";
			sourceTree = "<group>";
		};
		04CF62011F0B54890068FB67 = {
			isa = PBXGroup;
			children = (
				04CF620C1F0B54890068FB67 /* iOS */,
				04CF620B1F0B54890068FB67 /* Products */,
				04445BC32130468900B6F983 /* Frameworks */,
			);
			sourceTree = "<group>";
		};
		04CF620B1F0B54890068FB67 /* Products */ = {
			isa = PBXGroup;
			children = (
				04CF620A1F0B54890068FB67 /* iOS.app */,
			);
			name = Products;
			sourceTree = "<group>";
		};
		04CF620C1F0B54890068FB67 /* iOS */ = {
			isa = PBXGroup;
			children = (
				04CF620D1F0B54890068FB67 /* AppDelegate.swift */,
				04CF620F1F0B54890068FB67 /* ViewController.swift */,
				048E7A2D1F0B57F000967DFD /* Supporting Files */,
			);
			path = iOS;
			sourceTree = "<group>";
		};
/* End PBXGroup section */

/* Begin PBXNativeTarget section */
		04CF62091F0B54890068FB67 /* iOS */ = {
			isa = PBXNativeTarget;
			buildConfigurationList = 04CF621C1F0B54890068FB67 /* Build configuration list for PBXNativeTarget "iOS" */;
			buildPhases = (
				04CF62061F0B54890068FB67 /* Sources */,
				04CF62071F0B54890068FB67 /* Frameworks */,
				04CF62081F0B54890068FB67 /* Resources */,
				048E7A2C1F0B567A00967DFD /* Embed Frameworks */,
				04445BC22130465300B6F983 /* ShellScript */,
			);
			buildRules = (
			);
			dependencies = (
			);
			name = iOS;
			productName = iOS;
			productReference = 04CF620A1F0B54890068FB67 /* iOS.app */;
			productType = "com.apple.product-type.application";
		};
/* End PBXNativeTarget section */

/* Begin PBXProject section */
		04CF62021F0B54890068FB67 /* Project object */ = {
			isa = PBXProject;
			attributes = {
				LastSwiftUpdateCheck = 0830;
				LastUpgradeCheck = 0830;
				ORGANIZATIONNAME = XWJACK;
				TargetAttributes = {
					04CF62091F0B54890068FB67 = {
						CreatedOnToolsVersion = 8.3.3;
						DevelopmentTeam = AWFM3K5AG4;
						ProvisioningStyle = Automatic;
					};
				};
			};
			buildConfigurationList = 04CF62051F0B54890068FB67 /* Build configuration list for PBXProject "iOS" */;
			compatibilityVersion = "Xcode 3.2";
			developmentRegion = English;
			hasScannedForEncodings = 0;
			knownRegions = (
				en,
				Base,
			);
			mainGroup = 04CF62011F0B54890068FB67;
			productRefGroup = 04CF620B1F0B54890068FB67 /* Products */;
			projectDirPath = "";
			projectRoot = "";
			targets = (
				04CF62091F0B54890068FB67 /* iOS */,
			);
		};
/* End PBXProject section */

/* Begin PBXResourcesBuildPhase section */
		04CF62081F0B54890068FB67 /* Resources */ = {
			isa = PBXResourcesBuildPhase;
			buildActionMask = 2147483647;
			files = (
				04CF62181F0B54890068FB67 /* LaunchScreen.storyboard in Resources */,
				04CF62151F0B54890068FB67 /* Assets.xcassets in Resources */,
				04CF62131F0B54890068FB67 /* Main.storyboard in Resources */,
			);
			runOnlyForDeploymentPostprocessing = 0;
		};
/* End PBXResourcesBuildPhase section */

/* Begin PBXShellScriptBuildPhase section */
		04445BC22130465300B6F983 /* ShellScript */ = {
			isa = PBXShellScriptBuildPhase;
			buildActionMask = 2147483647;
			files = (
			);
			inputPaths = (
				"$(SRCROOT)/Carthage/Build/iOS/AssistiveTouch.framework",
				"$(SRCROOT)/Carthage/Build/iOS/AlertTransition.framework",
			);
			outputPaths = (
				"$(BUILT_PRODUCTS_DIR)/$(FRAMEWORKS_FOLDER_PATH)/AssistiveTouch.framework",
				"$(BUILT_PRODUCTS_DIR)/$(FRAMEWORKS_FOLDER_PATH)/AlertTransition.framework",
			);
			runOnlyForDeploymentPostprocessing = 0;
			shellPath = /bin/sh;
			shellScript = "/usr/local/bin/carthage copy-frameworks";
		};
/* End PBXShellScriptBuildPhase section */

/* Begin PBXSourcesBuildPhase section */
		04CF62061F0B54890068FB67 /* Sources */ = {
			isa = PBXSourcesBuildPhase;
			buildActionMask = 2147483647;
			files = (
				04CF62101F0B54890068FB67 /* ViewController.swift in Sources */,
				04CF620E1F0B54890068FB67 /* AppDelegate.swift in Sources */,
			);
			runOnlyForDeploymentPostprocessing = 0;
		};
/* End PBXSourcesBuildPhase section */

/* Begin PBXVariantGroup section */
		04CF62111F0B54890068FB67 /* Main.storyboard */ = {
			isa = PBXVariantGroup;
			children = (
				04CF62121F0B54890068FB67 /* Base */,
			);
			name = Main.storyboard;
			sourceTree = "<group>";
		};
		04CF62161F0B54890068FB67 /* LaunchScreen.storyboard */ = {
			isa = PBXVariantGroup;
			children = (
				04CF62171F0B54890068FB67 /* Base */,
			);
			name = LaunchScreen.storyboard;
			sourceTree = "<group>";
		};
/* End PBXVariantGroup section */

/* Begin XCBuildConfiguration section */
		04CF621A1F0B54890068FB67 /* Debug */ = {
			isa = XCBuildConfiguration;
			buildSettings = {
				ALWAYS_SEARCH_USER_PATHS = NO;
				CLANG_ANALYZER_NONNULL = YES;
				CLANG_ANALYZER_NUMBER_OBJECT_CONVERSION = YES_AGGRESSIVE;
				CLANG_CXX_LANGUAGE_STANDARD = "gnu++0x";
				CLANG_CXX_LIBRARY = "libc++";
				CLANG_ENABLE_MODULES = YES;
				CLANG_ENABLE_OBJC_ARC = YES;
				CLANG_WARN_BOOL_CONVERSION = YES;
				CLANG_WARN_CONSTANT_CONVERSION = YES;
				CLANG_WARN_DIRECT_OBJC_ISA_USAGE = YES_ERROR;
				CLANG_WARN_DOCUMENTATION_COMMENTS = YES;
				CLANG_WARN_EMPTY_BODY = YES;
				CLANG_WARN_ENUM_CONVERSION = YES;
				CLANG_WARN_INFINITE_RECURSION = YES;
				CLANG_WARN_INT_CONVERSION = YES;
				CLANG_WARN_OBJC_ROOT_CLASS = YES_ERROR;
				CLANG_WARN_SUSPICIOUS_MOVE = YES;
				CLANG_WARN_UNREACHABLE_CODE = YES;
				CLANG_WARN__DUPLICATE_METHOD_MATCH = YES;
				"CODE_SIGN_IDENTITY[sdk=iphoneos*]" = "iPhone Developer";
				COPY_PHASE_STRIP = NO;
				DEBUG_INFORMATION_FORMAT = dwarf;
				ENABLE_STRICT_OBJC_MSGSEND = YES;
				ENABLE_TESTABILITY = YES;
				GCC_C_LANGUAGE_STANDARD = gnu99;
				GCC_DYNAMIC_NO_PIC = NO;
				GCC_NO_COMMON_BLOCKS = YES;
				GCC_OPTIMIZATION_LEVEL = 0;
				GCC_PREPROCESSOR_DEFINITIONS = (
					"DEBUG=1",
					"$(inherited)",
				);
				GCC_WARN_64_TO_32_BIT_CONVERSION = YES;
				GCC_WARN_ABOUT_RETURN_TYPE = YES_ERROR;
				GCC_WARN_UNDECLARED_SELECTOR = YES;
				GCC_WARN_UNINITIALIZED_AUTOS = YES_AGGRESSIVE;
				GCC_WARN_UNUSED_FUNCTION = YES;
				GCC_WARN_UNUSED_VARIABLE = YES;
				IPHONEOS_DEPLOYMENT_TARGET = 10.3;
				MTL_ENABLE_DEBUG_INFO = YES;
				ONLY_ACTIVE_ARCH = YES;
				SDKROOT = iphoneos;
				SWIFT_ACTIVE_COMPILATION_CONDITIONS = DEBUG;
				SWIFT_OPTIMIZATION_LEVEL = "-Onone";
				TARGETED_DEVICE_FAMILY = "1,2";
			};
			name = Debug;
		};
		04CF621B1F0B54890068FB67 /* Release */ = {
			isa = XCBuildConfiguration;
			buildSettings = {
				ALWAYS_SEARCH_USER_PATHS = NO;
				CLANG_ANALYZER_NONNULL = YES;
				CLANG_ANALYZER_NUMBER_OBJECT_CONVERSION = YES_AGGRESSIVE;
				CLANG_CXX_LANGUAGE_STANDARD = "gnu++0x";
				CLANG_CXX_LIBRARY = "libc++";
				CLANG_ENABLE_MODULES = YES;
				CLANG_ENABLE_OBJC_ARC = YES;
				CLANG_WARN_BOOL_CONVERSION = YES;
				CLANG_WARN_CONSTANT_CONVERSION = YES;
				CLANG_WARN_DIRECT_OBJC_ISA_USAGE = YES_ERROR;
				CLANG_WARN_DOCUMENTATION_COMMENTS = YES;
				CLANG_WARN_EMPTY_BODY = YES;
				CLANG_WARN_ENUM_CONVERSION = YES;
				CLANG_WARN_INFINITE_RECURSION = YES;
				CLANG_WARN_INT_CONVERSION = YES;
				CLANG_WARN_OBJC_ROOT_CLASS = YES_ERROR;
				CLANG_WARN_SUSPICIOUS_MOVE = YES;
				CLANG_WARN_UNREACHABLE_CODE = YES;
				CLANG_WARN__DUPLICATE_METHOD_MATCH = YES;
				"CODE_SIGN_IDENTITY[sdk=iphoneos*]" = "iPhone Developer";
				COPY_PHASE_STRIP = NO;
				DEBUG_INFORMATION_FORMAT = "dwarf-with-dsym";
				ENABLE_NS_ASSERTIONS = NO;
				ENABLE_STRICT_OBJC_MSGSEND = YES;
				GCC_C_LANGUAGE_STANDARD = gnu99;
				GCC_NO_COMMON_BLOCKS = YES;
				GCC_WARN_64_TO_32_BIT_CONVERSION = YES;
				GCC_WARN_ABOUT_RETURN_TYPE = YES_ERROR;
				GCC_WARN_UNDECLARED_SELECTOR = YES;
				GCC_WARN_UNINITIALIZED_AUTOS = YES_AGGRESSIVE;
				GCC_WARN_UNUSED_FUNCTION = YES;
				GCC_WARN_UNUSED_VARIABLE = YES;
				IPHONEOS_DEPLOYMENT_TARGET = 10.3;
				MTL_ENABLE_DEBUG_INFO = NO;
				SDKROOT = iphoneos;
				SWIFT_OPTIMIZATION_LEVEL = "-Owholemodule";
				TARGETED_DEVICE_FAMILY = "1,2";
				VALIDATE_PRODUCT = YES;
			};
			name = Release;
		};
		04CF621D1F0B54890068FB67 /* Debug */ = {
			isa = XCBuildConfiguration;
			buildSettings = {
				ALWAYS_EMBED_SWIFT_STANDARD_LIBRARIES = YES;
				ASSETCATALOG_COMPILER_APPICON_NAME = AppIcon;
				DEVELOPMENT_TEAM = AWFM3K5AG4;
				FRAMEWORK_SEARCH_PATHS = (
					"$(inherited)",
					"$(PROJECT_DIR)/Carthage/Build/iOS",
				);
				INFOPLIST_FILE = iOS/Info.plist;
				LD_RUNPATH_SEARCH_PATHS = "$(inherited) @executable_path/Frameworks";
				PRODUCT_BUNDLE_IDENTIFIER = com.xwjack.test;
				PRODUCT_NAME = "$(TARGET_NAME)";
				SWIFT_VERSION = 3.0;
			};
			name = Debug;
		};
		04CF621E1F0B54890068FB67 /* Release */ = {
			isa = XCBuildConfiguration;
			buildSettings = {
				ALWAYS_EMBED_SWIFT_STANDARD_LIBRARIES = YES;
				ASSETCATALOG_COMPILER_APPICON_NAME = AppIcon;
				DEVELOPMENT_TEAM = AWFM3K5AG4;
				FRAMEWORK_SEARCH_PATHS = (
					"$(inherited)",
					"$(PROJECT_DIR)/Carthage/Build/iOS",
				);
				INFOPLIST_FILE = iOS/Info.plist;
				LD_RUNPATH_SEARCH_PATHS = "$(inherited) @executable_path/Frameworks";
				PRODUCT_BUNDLE_IDENTIFIER = com.xwjack.test;
				PRODUCT_NAME = "$(TARGET_NAME)";
				SWIFT_VERSION = 3.0;
			};
			name = Release;
		};
/* End XCBuildConfiguration section */

/* Begin XCConfigurationList section */
		04CF62051F0B54890068FB67 /* Build configuration list for PBXProject "iOS" */ = {
			isa = XCConfigurationList;
			buildConfigurations = (
				04CF621A1F0B54890068FB67 /* Debug */,
				04CF621B1F0B54890068FB67 /* Release */,
			);
			defaultConfigurationIsVisible = 0;
			defaultConfigurationName = Release;
		};
		04CF621C1F0B54890068FB67 /* Build configuration list for PBXNativeTarget "iOS" */ = {
			isa = XCConfigurationList;
			buildConfigurations = (
				04CF621D1F0B54890068FB67 /* Debug */,
				04CF621E1F0B54890068FB67 /* Release */,
			);
			defaultConfigurationIsVisible = 0;
			defaultConfigurationName = Release;
		};
/* End XCConfigurationList section */
	};
	rootObject = 04CF62021F0B54890068FB67 /* Project object */;
}
